{
  "nodes": {
    "flake-compat": {
      "flake": false,
      "locked": {
        "lastModified": 1777699697,
        "narHash": "sha256-Eg9b/rq/ECYwNwEXs5i9wHyhxNI0JrYx2srdI2uZMaQ=",
        "ref": "refs/heads/main",
        "rev": "382052b74656a369c5408822af3f2501e9b1af81",
        "revCount": 94,
        "type": "git",
        "url": "https://git.lix.systems/lix-project/flake-compat.git"
      },
      "original": {
        "type": "git",
        "url": "https://git.lix.systems/lix-project/flake-compat.git"
      }
    },
    "mnw": {
      "locked": {
        "lastModified": 1780772958,
        "narHash": "sha256-VKKe8r4pwCGWZ3Yr9CPN129R4S3CKLSrlYqdYz3vKpM=",
        "owner": "Gerg-L",
        "repo": "mnw",
        "rev": "0871dbf63a53610c95db04439ed8ea4d6ec9c160",
        "type": "github"
      },
      "original": {
        "owner": "Gerg-L",
        "repo": "mnw",
        "type": "github"
      }
    },
    "nixpkgs": {
      "locked": {
        "lastModified": 1787736819,
        "narHash": "sha256-cV5xEJJK3BvhU8rEd4mC9UsmDi5qscv/kzGPhBRC5WA=",
        "owner": "NixOS",
        "repo": "nixpkgs",
        "rev": "9fbb54b33e91ee4ca368e35a78e0613c720600b3",
        "type": "github"
      },
      "original": {
        "owner": "NixOS",
        "ref": "nixos-unstable",
        "repo": "nixpkgs",
        "type": "github"
      }
    },
    "nixpkgs_2": {
      "locked": {
        "lastModified": 1786711500,
        "narHash": "sha256-mB6w7h+UsvxLf3PY6U3hSDVWCfmn2Q6VtSw5JugbeY0=",
        "rev": "02e08985a27c65ffd33d434eeb2e660a2e4dc84d",
        "type": "tarball",
        "url": "https://releases.nixos.org/nixos/26.05/nixos-26.05.7675.02e08985a27c/nixexprs.tar.xz"
      },
      "original": {
        "type": "tarball",
        "url": "https://channels.nixos.org/nixos-26.05/nixexprs.tar.xz"
      }
    },
    "nvf": {
      "inputs": {
        "flake-compat": "flake-compat",
        "mnw": "mnw",
        "nixpkgs": "nixpkgs_2"
      },
      "locked": {
        "lastModified": 1786870325,
        "narHash": "sha256-sPCl5298Sj43KFRFtAPKfKVbKdZpuzRy1VVKgNJaU/U=",
        "ref": "release/26.07",
        "rev": "21789c23c0c33fcd86e54c462cd5270ae226854f",
        "revCount": 3699,
        "type": "git",
        "url": "https://github.com/NotAShelf/nvf"
      },
      "original": {
        "ref": "release/26.07",
        "type": "git",
        "url": "https://github.com/NotAShelf/nvf"
      }
    },
    "root": {
      "inputs": {
        "nixpkgs": "nixpkgs",
        "nvf": "nvf",
        "rust-analyzer-split": "rust-analyzer-split"
      }
    },
    "rust-analyzer-split": {
      "flake": false,
      "locked": {
        "narHash": "sha256-XXsNSH22FDQqzNyXkmazct4PRORFYKnXoRFJLBwBgV8=",
        "path": "/home/henry/rust-analyzer-split",
        "type": "path"
      },
      "original": {
        "path": "/home/henry/rust-analyzer-split",
        "type": "path"
      }
    }
  },
  "root": "root",
  "version": 7
}
